// !$*UTF8*$!
{
	archiveVersion = 1;
	classes = {
	};
	objectVersion = 46;
	objects = {

/* Begin PBXBuildFile section */
		521218DC1B1C3CFD00E37DF0 /* main.m in Sources */ = {isa = PBXBuildFile; fileRef = 521218DB1B1C3CFD00E37DF0 /* main.m */; };
		521218DF1B1C3CFD00E37DF0 /* AppDelegate.m in Sources */ = {isa = PBXBuildFile; fileRef = 521218DE1B1C3CFD00E37DF0 /* AppDelegate.m */; };
		521218E21B1C3CFD00E37DF0 /* ViewController.m in Sources */ = {isa = PBXBuildFile; fileRef = 521218E11B1C3CFD00E37DF0 /* ViewController.m */; };
		521218E51B1C3CFD00E37DF0 /* Main.storyboard in Resources */ = {isa = PBXBuildFile; fileRef = 521218E31B1C3CFD00E37DF0 /* Main.storyboard */; };
		521218E71B1C3CFD00E37DF0 /* Images.xcassets in Resources */ = {isa = PBXBuildFile; fileRef = 521218E61B1C3CFD00E37DF0 /* Images.xcassets */; };
		521218EA1B1C3CFD00E37DF0 /* LaunchScreen.xib in Resources */ = {isa = PBXBuildFile; fileRef = 521218E81B1C3CFD00E37DF0 /* LaunchScreen.xib */; };
		521218F61B1C3CFD00E37DF0 /* CocoaPodsDemoTests.m in Sources */ = {isa = PBXBuildFile; fileRef = 521218F51B1C3CFD00E37DF0 /* CocoaPodsDemoTests.m */; };
		60867886A0C2CFA7AF4D26E0 /* libPods.a in Frameworks */ = {isa = PBXBuildFile; fileRef = B67C1ACF4BBA8A25E50C042B /* libPods.a */; };
/* End PBXBuildFile section */

/* Begin PBXContainerItemProxy section */
		521218F01B1C3CFD00E37DF0 /* PBXContainerItemProxy */ = {
			isa = PBXContainerItemProxy;
			containerPortal = 521218CE1B1C3CFD00E37DF0 /* Project object */;
			proxyType = 1;
			remoteGlobalIDString = 521218D51B1C3CFD00E37DF0;
			remoteInfo = CocoaPodsDemo;
		};
/* End PBXContainerItemProxy section */

/* Begin PBXFileReference section */
		2A2D8BA59B2E85BA47083F84 /* Pods.debug.xcconfig */ = {isa = PBXFileReference; includeInIndex = 1; lastKnownFileType = text.xcconfig; name = Pods.debug.xcconfig; path = "Pods/Target Support Files/Pods/Pods.debug.xcconfig"; sourceTree = "<group>"; };
		521218D61B1C3CFD00E37DF0 /* CocoaPodsDemo.app */ = {isa = PBXFileReference; explicitFileType = wrapper.application; includeInIndex = 0; path = CocoaPodsDemo.app; sourceTree = BUILT_PRODUCTS_DIR; };
		521218DA1B1C3CFD00E37DF0 /* Info.plist */ = {isa = PBXFileReference; lastKnownFileType = text.plist.xml; path = Info.plist; sourceTree = "<group>"; };
		521218DB1B1C3CFD00E37DF0 /* main.m */ = {isa = PBXFileReference; lastKnownFileType = sourcecode.c.objc; path = main.m; sourceTree = "<group>"; };
		521218DD1B1C3CFD00E37DF0 /* AppDelegate.h */ = {isa = PBXFileReference; lastKnownFileType = sourcecode.c.h; path = AppDelegate.h; sourceTree = "<group>"; };
		521218DE1B1C3CFD00E37DF0 /* AppDelegate.m */ = {isa = PBXFileReference; lastKnownFileType = sourcecode.c.objc; path = AppDelegate.m; sourceTree = "<group>"; };
		521218E01B1C3CFD00E37DF0 /* ViewController.h */ = {isa = PBXFileReference; lastKnownFileType = sourcecode.c.h; path = ViewController.h; sourceTree = "<group>"; };
		521218E11B1C3CFD00E37DF0 /* ViewController.m */ = {isa = PBXFileReference; lastKnownFileType = sourcecode.c.objc; path = ViewController.m; sourceTree = "<group>"; };
		521218E41B1C3CFD00E37DF0 /* Base */ = {isa = PBXFileReference; lastKnownFileType = file.storyboard; name = Base; path = Base.lproj/Main.storyboard; sourceTree = "<group>"; };
		521218E61B1C3CFD00E37DF0 /* Images.xcassets */ = {isa = PBXFileReference; lastKnownFileType = folder.assetcatalog; path = Images.xcassets; sourceTree = "<group>"; };
		521218E91B1C3CFD00E37DF0 /* Base */ = {isa = PBXFileReference; lastKnownFileType = file.xib; name = Base; path = Base.lproj/LaunchScreen.xib; sourceTree = "<group>"; };
		521218EF1B1C3CFD00E37DF0 /* CocoaPodsDemoTests.xctest */ = {isa = PBXFileReference; explicitFileType = wrapper.cfbundle; includeInIndex = 0; path = CocoaPodsDemoTests.xctest; sourceTree = BUILT_PRODUCTS_DIR; };
		521218F41B1C3CFD00E37DF0 /* Info.plist */ = {isa = PBXFileReference; lastKnownFileType = text.plist.xml; path = Info.plist; sourceTree = "<group>"; };
		521218F51B1C3CFD00E37DF0 /* CocoaPodsDemoTests.m */ = {isa = PBXFileReference; lastKnownFileType = sourcecode.c.objc; path = CocoaPodsDemoTests.m; sourceTree = "<group>"; };
		68FE14AFF90CB1B55E21DD26 /* Pods.release.xcconfig */ = {isa = PBXFileReference; includeInIndex = 1; lastKnownFileType = text.xcconfig; name = Pods.release.xcconfig; path = "Pods/Target Support Files/Pods/Pods.release.xcconfig"; sourceTree = "<group>"; };
		B67C1ACF4BBA8A25E50C042B /* libPods.a */ = {isa = PBXFileReference; explicitFileType = archive.ar; includeInIndex = 0; path = libPods.a; sourceTree = BUILT_PRODUCTS_DIR; };
/* End PBXFileReference section */

/* Begin PBXFrameworksBuildPhase section */
		521218D31B1C3CFD00E37DF0 /* Frameworks */ = {
			isa = PBXFrameworksBuildPhase;
			buildActionMask = 2147483647;
			files = (
				60867886A0C2CFA7AF4D26E0 /* libPods.a in Frameworks */,
			);
			runOnlyForDeploymentPostprocessing = 0;
		};
		521218EC1B1C3CFD00E37DF0 /* Frameworks */ = {
			isa = PBXFrameworksBuildPhase;
			buildActionMask = 2147483647;
			files = (
			);
			runOnlyForDeploymentPostprocessing = 0;
		};
/* End PBXFrameworksBuildPhase section */

/* Begin PBXGroup section */
		521218CD1B1C3CFD00E37DF0 = {
			isa = PBXGroup;
			children = (
				521218D81B1C3CFD00E37DF0 /* CocoaPodsDemo */,
				521218F21B1C3CFD00E37DF0 /* CocoaPodsDemoTests */,
				521218D71B1C3CFD00E37DF0 /* Products */,
				E24D5BC223E8256B4F230FE3 /* Pods */,
				DF191154F752F2298EFECFDC /* Frameworks */,
			);
			sourceTree = "<group>";
		};
		521218D71B1C3CFD00E37DF0 /* Products */ = {
			isa = PBXGroup;
			children = (
				521218D61B1C3CFD00E37DF0 /* CocoaPodsDemo.app */,
				521218EF1B1C3CFD00E37DF0 /* CocoaPodsDemoTests.xctest */,
			);
			name = Products;
			sourceTree = "<group>";
		};
		521218D81B1C3CFD00E37DF0 /* CocoaPodsDemo */ = {
			isa = PBXGroup;
			children = (
				521218DD1B1C3CFD00E37DF0 /* AppDelegate.h */,
				521218DE1B1C3CFD00E37DF0 /* AppDelegate.m */,
				521218E01B1C3CFD00E37DF0 /* ViewController.h */,
				521218E11B1C3CFD00E37DF0 /* ViewController.m */,
				521218E31B1C3CFD00E37DF0 /* Main.storyboard */,
				521218E61B1C3CFD00E37DF0 /* Images.xcassets */,
				521218E81B1C3CFD00E37DF0 /* LaunchScreen.xib */,
				521218D91B1C3CFD00E37DF0 /* Supporting Files */,
			);
			path = CocoaPodsDemo;
			sourceTree = "<group>";
		};
		521218D91B1C3CFD00E37DF0 /* Supporting Files */ = {
			isa = PBXGroup;
			children = (
				521218DA1B1C3CFD00E37DF0 /* Info.plist */,
				521218DB1B1C3CFD00E37DF0 /* main.m */,
			);
			name = "Supporting Files";
			sourceTree = "<group>";
		};
		521218F21B1C3CFD00E37DF0 /* CocoaPodsDemoTests */ = {
			isa = PBXGroup;
			children = (
				521218F51B1C3CFD00E37DF0 /* CocoaPodsDemoTests.m */,
				521218F31B1C3CFD00E37DF0 /* Supporting Files */,
			);
			path = CocoaPodsDemoTests;
			sourceTree = "<group>";
		};
		521218F31B1C3CFD00E37DF0 /* Supporting Files */ = {
			isa = PBXGroup;
			children = (
				521218F41B1C3CFD00E37DF0 /* Info.plist */,
			);
			name = "Supporting Files";
			sourceTree = "<group>";
		};
		DF191154F752F2298EFECFDC /* Frameworks */ = {
			isa = PBXGroup;
			children = (
				B67C1ACF4BBA8A25E50C042B /* libPods.a */,
			);
			name = Frameworks;
			sourceTree = "<group>";
		};
		E24D5BC223E8256B4F230FE3 /* Pods */ = {
			isa = PBXGroup;
			children = (
				2A2D8BA59B2E85BA47083F84 /* Pods.debug.xcconfig */,
				68FE14AFF90CB1B55E21DD26 /* Pods.release.xcconfig */,
			);
			name = Pods;
			sourceTree = "<group>";
		};
/* End PBXGroup section */

/* Begin PBXNativeTarget section */
		521218D51B1C3CFD00E37DF0 /* CocoaPodsDemo */ = {
			isa = PBXNativeTarget;
			buildConfigurationList = 521218F91B1C3CFD00E37DF0 /* Build configuration list for PBXNativeTarget "CocoaPodsDemo" */;
			buildPhases = (
				7903584B2C6E0E34745B812D /* Check Pods Manifest.lock */,
				521218D21B1C3CFD00E37DF0 /* Sources */,
				521218D31B1C3CFD00E37DF0 /* Frameworks */,
				521218D41B1C3CFD00E37DF0 /* Resources */,
				93769FC4BCB36688423901CD /* Copy Pods Resources */,
			);
			buildRules = (
			);
			dependencies = (
			);
			name = CocoaPodsDemo;
			productName = CocoaPodsDemo;
			productReference = 521218D61B1C3CFD00E37DF0 /* CocoaPodsDemo.app */;
			productType = "com.apple.product-type.application";
		};
		521218EE1B1C3CFD00E37DF0 /* CocoaPodsDemoTests */ = {
			isa = PBXNativeTarget;
			buildConfigurationList = 521218FC1B1C3CFD00E37DF0 /* Build configuration list for PBXNativeTarget "CocoaPodsDemoTests" */;
			buildPhases = (
				521218EB1B1C3CFD00E37DF0 /* Sources */,
				521218EC1B1C3CFD00E37DF0 /* Frameworks */,
				521218ED1B1C3CFD00E37DF0 /* Resources */,
			);
			buildRules = (
			);
			dependencies = (
				521218F11B1C3CFD00E37DF0 /* PBXTargetDependency */,
			);
			name = CocoaPodsDemoTests;
			productName = CocoaPodsDemoTests;
			productReference = 521218EF1B1C3CFD00E37DF0 /* CocoaPodsDemoTests.xctest */;
			productType = "com.apple.product-type.bundle.unit-test";
		};
/* End PBXNativeTarget section */

/* Begin PBXProject section */
		521218CE1B1C3CFD00E37DF0 /* Project object */ = {
			isa = PBXProject;
			attributes = {
				LastUpgradeCheck = 0610;
				ORGANIZATIONNAME = john.wei;
				TargetAttributes = {
					521218D51B1C3CFD00E37DF0 = {
						CreatedOnToolsVersion = 6.1.1;
					};
					521218EE1B1C3CFD00E37DF0 = {
						CreatedOnToolsVersion = 6.1.1;
						TestTargetID = 521218D51B1C3CFD00E37DF0;
					};
				};
			};
			buildConfigurationList = 521218D11B1C3CFD00E37DF0 /* Build configuration list for PBXProject "CocoaPodsDemo" */;
			compatibilityVersion = "Xcode 3.2";
			developmentRegion = English;
			hasScannedForEncodings = 0;
			knownRegions = (
				en,
				Base,
			);
			mainGroup = 521218CD1B1C3CFD00E37DF0;
			productRefGroup = 521218D71B1C3CFD00E37DF0 /* Products */;
			projectDirPath = "";
			projectRoot = "";
			targets = (
				521218D51B1C3CFD00E37DF0 /* CocoaPodsDemo */,
				521218EE1B1C3CFD00E37DF0 /* CocoaPodsDemoTests */,
			);
		};
/* End PBXProject section */

/* Begin PBXResourcesBuildPhase section */
		521218D41B1C3CFD00E37DF0 /* Resources */ = {
			isa = PBXResourcesBuildPhase;
			buildActionMask = 2147483647;
			files = (
				521218E51B1C3CFD00E37DF0 /* Main.storyboard in Resources */,
				521218EA1B1C3CFD00E37DF0 /* LaunchScreen.xib in Resources */,
				521218E71B1C3CFD00E37DF0 /* Images.xcassets in Resources */,
			);
			runOnlyForDeploymentPostprocessing = 0;
		};
		521218ED1B1C3CFD00E37DF0 /* Resources */ = {
			isa = PBXResourcesBuildPhase;
			buildActionMask = 2147483647;
			files = (
			);
			runOnlyForDeploymentPostprocessing = 0;
		};
/* End PBXResourcesBuildPhase section */

/* Begin PBXShellScriptBuildPhase section */
		7903584B2C6E0E34745B812D /* Check Pods Manifest.lock */ = {
			isa = PBXShellScriptBuildPhase;
			buildActionMask = 2147483647;
			files = (
			);
			inputPaths = (
			);
			name = "Check Pods Manifest.lock";
			outputPaths = (
			);
			runOnlyForDeploymentPostprocessing = 0;
			shellPath = /bin/sh;
			shellScript = "diff \"${PODS_ROOT}/../Podfile.lock\" \"${PODS_ROOT}/Manifest.lock\" > /dev/null\nif [[ $? != 0 ]] ; then\n    cat << EOM\nerror: The sandbox is not in sync with the Podfile.lock. Run 'pod install' or update your CocoaPods installation.\nEOM\n    exit 1\nfi\n";
			showEnvVarsInLog = 0;
		};
		93769FC4BCB36688423901CD /* Copy Pods Resources */ = {
			isa = PBXShellScriptBuildPhase;
			buildActionMask = 2147483647;
			files = (
			);
			inputPaths = (
			);
			name = "Copy Pods Resources";
			outputPaths = (
			);
			runOnlyForDeploymentPostprocessing = 0;
			shellPath = /bin/sh;
			shellScript = "\"${SRCROOT}/Pods/Target Support Files/Pods/Pods-resources.sh\"\n";
			showEnvVarsInLog = 0;
		};
/* End PBXShellScriptBuildPhase section */

/* Begin PBXSourcesBuildPhase section */
		521218D21B1C3CFD00E37DF0 /* Sources */ = {
			isa = PBXSourcesBuildPhase;
			buildActionMask = 2147483647;
			files = (
				521218E21B1C3CFD00E37DF0 /* ViewController.m in Sources */,
				521218DF1B1C3CFD00E37DF0 /* AppDelegate.m in Sources */,
				521218DC1B1C3CFD00E37DF0 /* main.m in Sources */,
			);
			runOnlyForDeploymentPostprocessing = 0;
		};
		521218EB1B1C3CFD00E37DF0 /* Sources */ = {
			isa = PBXSourcesBuildPhase;
			buildActionMask = 2147483647;
			files = (
				521218F61B1C3CFD00E37DF0 /* CocoaPodsDemoTests.m in Sources */,
			);
			runOnlyForDeploymentPostprocessing = 0;
		};
/* End PBXSourcesBuildPhase section */

/* Begin PBXTargetDependency section */
		521218F11B1C3CFD00E37DF0 /* PBXTargetDependency */ = {
			isa = PBXTargetDependency;
			target = 521218D51B1C3CFD00E37DF0 /* CocoaPodsDemo */;
			targetProxy = 521218F01B1C3CFD00E37DF0 /* PBXContainerItemProxy */;
		};
/* End PBXTargetDependency section */

/* Begin PBXVariantGroup section */
		521218E31B1C3CFD00E37DF0 /* Main.storyboard */ = {
			isa = PBXVariantGroup;
			children = (
				521218E41B1C3CFD00E37DF0 /* Base */,
			);
			name = Main.storyboard;
			sourceTree = "<group>";
		};
		521218E81B1C3CFD00E37DF0 /* LaunchScreen.xib */ = {
			isa = PBXVariantGroup;
			children = (
				521218E91B1C3CFD00E37DF0 /* Base */,
			);
			name = LaunchScreen.xib;
			sourceTree = "<group>";
		};
/* End PBXVariantGroup section */

/* Begin XCBuildConfiguration section */
		521218F71B1C3CFD00E37DF0 /* Debug */ = {
			isa = XCBuildConfiguration;
			buildSettings = {
				ALWAYS_SEARCH_USER_PATHS = NO;
				CLANG_CXX_LANGUAGE_STANDARD = "gnu++0x";
				CLANG_CXX_LIBRARY = "libc++";
				CLANG_ENABLE_MODULES = YES;
				CLANG_ENABLE_OBJC_ARC = YES;
				CLANG_WARN_BOOL_CONVERSION = YES;
				CLANG_WARN_CONSTANT_CONVERSION = YES;
				CLANG_WARN_DIRECT_OBJC_ISA_USAGE = YES_ERROR;
				CLANG_WARN_EMPTY_BODY = YES;
				CLANG_WARN_ENUM_CONVERSION = YES;
				CLANG_WARN_INT_CONVERSION = YES;
				CLANG_WARN_OBJC_ROOT_CLASS = YES_ERROR;
				CLANG_WARN_UNREACHABLE_CODE = YES;
				CLANG_WARN__DUPLICATE_METHOD_MATCH = YES;
				"CODE_SIGN_IDENTITY[sdk=iphoneos*]" = "iPhone Developer";
				COPY_PHASE_STRIP = NO;
				ENABLE_STRICT_OBJC_MSGSEND = YES;
				GCC_C_LANGUAGE_STANDARD = gnu99;
				GCC_DYNAMIC_NO_PIC = NO;
				GCC_OPTIMIZATION_LEVEL = 0;
				GCC_PREPROCESSOR_DEFINITIONS = (
					"DEBUG=1",
					"$(inherited)",
				);
				GCC_SYMBOLS_PRIVATE_EXTERN = NO;
				GCC_WARN_64_TO_32_BIT_CONVERSION = YES;
				GCC_WARN_ABOUT_RETURN_TYPE = YES_ERROR;
				GCC_WARN_UNDECLARED_SELECTOR = YES;
				GCC_WARN_UNINITIALIZED_AUTOS = YES_AGGRESSIVE;
				GCC_WARN_UNUSED_FUNCTION = YES;
				GCC_WARN_UNUSED_VARIABLE = YES;
				IPHONEOS_DEPLOYMENT_TARGET = 8.1;
				MTL_ENABLE_DEBUG_INFO = YES;
				ONLY_ACTIVE_ARCH = YES;
				SDKROOT = iphoneos;
				TARGETED_DEVICE_FAMILY = "1,2";
			};
			name = Debug;
		};
		521218F81B1C3CFD00E37DF0 /* Release */ = {
			isa = XCBuildConfiguration;
			buildSettings = {
				ALWAYS_SEARCH_USER_PATHS = NO;
				CLANG_CXX_LANGUAGE_STANDARD = "gnu++0x";
				CLANG_CXX_LIBRARY = "libc++";
				CLANG_ENABLE_MODULES = YES;
				CLANG_ENABLE_OBJC_ARC = YES;
				CLANG_WARN_BOOL_CONVERSION = YES;
				CLANG_WARN_CONSTANT_CONVERSION = YES;
				CLANG_WARN_DIRECT_OBJC_ISA_USAGE = YES_ERROR;
				CLANG_WARN_EMPTY_BODY = YES;
				CLANG_WARN_ENUM_CONVERSION = YES;
				CLANG_WARN_INT_CONVERSION = YES;
				CLANG_WARN_OBJC_ROOT_CLASS = YES_ERROR;
				CLANG_WARN_UNREACHABLE_CODE = YES;
				CLANG_WARN__DUPLICATE_METHOD_MATCH = YES;
				"CODE_SIGN_IDENTITY[sdk=iphoneos*]" = "iPhone Developer";
				COPY_PHASE_STRIP = YES;
				ENABLE_NS_ASSERTIONS = NO;
				ENABLE_STRICT_OBJC_MSGSEND = YES;
				GCC_C_LANGUAGE_STANDARD = gnu99;
				GCC_WARN_64_TO_32_BIT_CONVERSION = YES;
				GCC_WARN_ABOUT_RETURN_TYPE = YES_ERROR;
				GCC_WARN_UNDECLARED_SELECTOR = YES;
				GCC_WARN_UNINITIALIZED_AUTOS = YES_AGGRESSIVE;
				GCC_WARN_UNUSED_FUNCTION = YES;
				GCC_WARN_UNUSED_VARIABLE = YES;
				IPHONEOS_DEPLOYMENT_TARGET = 8.1;
				MTL_ENABLE_DEBUG_INFO = NO;
				SDKROOT = iphoneos;
				TARGETED_DEVICE_FAMILY = "1,2";
				VALIDATE_PRODUCT = YES;
			};
			name = Release;
		};
		521218FA1B1C3CFD00E37DF0 /* Debug */ = {
			isa = XCBuildConfiguration;
			baseConfigurationReference = 2A2D8BA59B2E85BA47083F84 /* Pods.debug.xcconfig */;
			buildSettings = {
				ASSETCATALOG_COMPILER_APPICON_NAME = AppIcon;
				INFOPLIST_FILE = CocoaPodsDemo/Info.plist;
				LD_RUNPATH_SEARCH_PATHS = "$(inherited) @executable_path/Frameworks";
				PRODUCT_NAME = "$(TARGET_NAME)";
			};
			name = Debug;
		};
		521218FB1B1C3CFD00E37DF0 /* Release */ = {
			isa = XCBuildConfiguration;
			baseConfigurationReference = 68FE14AFF90CB1B55E21DD26 /* Pods.release.xcconfig */;
			buildSettings = {
				ASSETCATALOG_COMPILER_APPICON_NAME = AppIcon;
				INFOPLIST_FILE = CocoaPodsDemo/Info.plist;
				LD_RUNPATH_SEARCH_PATHS = "$(inherited) @executable_path/Frameworks";
				PRODUCT_NAME = "$(TARGET_NAME)";
			};
			name = Release;
		};
		521218FD1B1C3CFD00E37DF0 /* Debug */ = {
			isa = XCBuildConfiguration;
			buildSettings = {
				BUNDLE_LOADER = "$(TEST_HOST)";
				FRAMEWORK_SEARCH_PATHS = (
					"$(SDKROOT)/Developer/Library/Frameworks",
					"$(inherited)",
				);
				GCC_PREPROCESSOR_DEFINITIONS = (
					"DEBUG=1",
					"$(inherited)",
				);
				INFOPLIST_FILE = CocoaPodsDemoTests/Info.plist;
				LD_RUNPATH_SEARCH_PATHS = "$(inherited) @executable_path/Frameworks @loader_path/Frameworks";
				PRODUCT_NAME = "$(TARGET_NAME)";
				TEST_HOST = "$(BUILT_PRODUCTS_DIR)/CocoaPodsDemo.app/CocoaPodsDemo";
			};
			name = Debug;
		};
		521218FE1B1C3CFD00E37DF0 /* Release */ = {
			isa = XCBuildConfiguration;
			buildSettings = {
				BUNDLE_LOADER = "$(TEST_HOST)";
				FRAMEWORK_SEARCH_PATHS = (
					"$(SDKROOT)/Developer/Library/Frameworks",
					"$(inherited)",
				);
				INFOPLIST_FILE = CocoaPodsDemoTests/Info.plist;
				LD_RUNPATH_SEARCH_PATHS = "$(inherited) @executable_path/Frameworks @loader_path/Frameworks";
				PRODUCT_NAME = "$(TARGET_NAME)";
				TEST_HOST = "$(BUILT_PRODUCTS_DIR)/CocoaPodsDemo.app/CocoaPodsDemo";
			};
			name = Release;
		};
/* End XCBuildConfiguration section */

/* Begin XCConfigurationList section */
		521218D11B1C3CFD00E37DF0 /* Build configuration list for PBXProject "CocoaPodsDemo" */ = {
			isa = XCConfigurationList;
			buildConfigurations = (
				521218F71B1C3CFD00E37DF0 /* Debug */,
				521218F81B1C3CFD00E37DF0 /* Release */,
			);
			defaultConfigurationIsVisible = 0;
			defaultConfigurationName = Release;
		};
		521218F91B1C3CFD00E37DF0 /* Build configuration list for PBXNativeTarget "CocoaPodsDemo" */ = {
			isa = XCConfigurationList;
			buildConfigurations = (
				521218FA1B1C3CFD00E37DF0 /* Debug */,
				521218FB1B1C3CFD00E37DF0 /* Release */,
			);
			defaultConfigurationIsVisible = 0;
			defaultConfigurationName = Release;
		};
		521218FC1B1C3CFD00E37DF0 /* Build configuration list for PBXNativeTarget "CocoaPodsDemoTests" */ = {
			isa = XCConfigurationList;
			buildConfigurations = (
				521218FD1B1C3CFD00E37DF0 /* Debug */,
				521218FE1B1C3CFD00E37DF0 /* Release */,
			);
			defaultConfigurationIsVisible = 0;
			defaultConfigurationName = Release;
		};
/* End XCConfigurationList section */
	};
	rootObject = 521218CE1B1C3CFD00E37DF0 /* Project object */;
}
